dependencies:
- name: postgresql
  repository: https://charts.bitnami.com/bitnami
  version: 16.6.3
- name: rabbitmq
  repository: https://charts.bitnami.com/bitnami
  version: 16.0.5
digest: sha256:19d96dffb93d4dde581718cfad0b25b9f9981209da3297b00015b3967bbfa6be
generated: "2025-06-04T22:21:38.904643098+02:00"
